
Microsoft Visual Studio Solution File, Format Version 12.00
# Visual Studio Version 17
VisualStudioVersion = 17.5.33530.505
MinimumVisualStudioVersion = 10.0.40219.1
Project("{FAE04EC0-301F-11D3-BF4B-00C04F79EFBC}") = "AskAnImam", "AskAnImam\AskAnImam.csproj", "{71D995F2-F110-4003-B55C-9C2BB44517D9}"
EndProject
Global
	GlobalSection(SolutionConfigurationPlatforms) = preSolution
		Debug|Any CPU = Debug|Any CPU
		Release|Any CPU = Release|Any CPU
	EndGlobalSection
	GlobalSection(ProjectConfigurationPlatforms) = postSolution
		{71D995F2-F110-4003-B55C-9C2BB44517D9}.Debug|Any CPU.ActiveCfg = Debug|Any CPU
		{71D995F2-F110-4003-B55C-9C2BB44517D9}.Debug|Any CPU.Build.0 = Debug|Any CPU
		{71D995F2-F110-4003-B55C-9C2BB44517D9}.Release|Any CPU.ActiveCfg = Release|Any CPU
		{71D995F2-F110-4003-B55C-9C2BB44517D9}.Release|Any CPU.Build.0 = Release|Any CPU
	EndGlobalSection
	GlobalSection(SolutionProperties) = preSolution
		HideSolutionNode = FALSE
	EndGlobalSection
	GlobalSection(ExtensibilityGlobals) = postSolution
		SolutionGuid = {27C30A96-4405-40B6-9574-B06FADA7DE87}
	EndGlobalSection
EndGlobal
